
Microsoft Visual Studio Solution File, Format Version 12.00
# Visual Studio Version 16
VisualStudioVersion = 16.0.30907.101
MinimumVisualStudioVersion = 10.0.40219.1
Project("{FAE04EC0-301F-11D3-BF4B-00C04F79EFBC}") = "TalkToApi", "TalkToApi\TalkToApi.csproj", "{E70C5669-0B75-4368-911B-9B51E0CED97A}"
EndProject
Global
	GlobalSection(SolutionConfigurationPlatforms) = preSolution
		Debug|Any CPU = Debug|Any CPU
		Release|Any CPU = Release|Any CPU
	EndGlobalSection
	GlobalSection(ProjectConfigurationPlatforms) = postSolution
		{E70C5669-0B75-4368-911B-9B51E0CED97A}.Debug|Any CPU.ActiveCfg = Debug|Any CPU
		{E70C5669-0B75-4368-911B-9B51E0CED97A}.Debug|Any CPU.Build.0 = Debug|Any CPU
		{E70C5669-0B75-4368-911B-9B51E0CED97A}.Release|Any CPU.ActiveCfg = Release|Any CPU
		{E70C5669-0B75-4368-911B-9B51E0CED97A}.Release|Any CPU.Build.0 = Release|Any CPU
	EndGlobalSection
	GlobalSection(SolutionProperties) = preSolution
		HideSolutionNode = FALSE
	EndGlobalSection
	GlobalSection(ExtensibilityGlobals) = postSolution
		SolutionGuid = {F84740C5-0E23-41CE-A626-8AE21AB625AC}
	EndGlobalSection
EndGlobal
